
Microsoft Visual Studio Solution File, Format Version 12.00
# Visual Studio Version 16
VisualStudioVersion = 16.0.31605.320
MinimumVisualStudioVersion = 10.0.40219.1
Project("{9A19103F-16F7-4668-BE54-9A1E7A4F7556}") = "TwitchCheck", "TwitchCheck.csproj", "{2F674950-4942-465C-906D-B1E3CE0E8C18}"
EndProject
Project("{2150E333-8FDC-42A3-9474-1A3956D46DE8}") = "Solution Items", "Solution Items", "{CC1D62F5-2DC8-4967-A19E-D8218B05E616}"
	ProjectSection(SolutionItems) = preProject
		Exceptions.cs = Exceptions.cs
	EndProjectSection
EndProject
Global
	GlobalSection(SolutionConfigurationPlatforms) = preSolution
		Debug|Any CPU = Debug|Any CPU
		Release|Any CPU = Release|Any CPU
	EndGlobalSection
	GlobalSection(ProjectConfigurationPlatforms) = postSolution
		{2F674950-4942-465C-906D-B1E3CE0E8C18}.Debug|Any CPU.ActiveCfg = Debug|Any CPU
		{2F674950-4942-465C-906D-B1E3CE0E8C18}.Debug|Any CPU.Build.0 = Debug|Any CPU
		{2F674950-4942-465C-906D-B1E3CE0E8C18}.Release|Any CPU.ActiveCfg = Release|Any CPU
		{2F674950-4942-465C-906D-B1E3CE0E8C18}.Release|Any CPU.Build.0 = Release|Any CPU
	EndGlobalSection
	GlobalSection(SolutionProperties) = preSolution
		HideSolutionNode = FALSE
	EndGlobalSection
	GlobalSection(ExtensibilityGlobals) = postSolution
		SolutionGuid = {37494B95-F93E-4FC8-B475-E3EB38346276}
	EndGlobalSection
EndGlobal
